
Microsoft Visual Studio Solution File, Format Version 12.00
# Visual Studio 2015
Project("{FAE04EC0-301F-11D3-BF4B-00C04F79EFBC}") = "Tile Map Editor.CSharp", "Tile Map Editor.CSharp.csproj", "{F8360F13-91D5-0B67-352F-703623D38BAD}"
EndProject
Project("{FAE04EC0-301F-11D3-BF4B-00C04F79EFBC}") = "Tile Map Editor.CSharp.Editor", "Tile Map Editor.CSharp.Editor.csproj", "{2B3B1585-041B-C8E1-96F5-9351A41113A0}"
EndProject
Global
	GlobalSection(SolutionConfigurationPlatforms) = preSolution
		Debug|Any CPU = Debug|Any CPU
		Release|Any CPU = Release|Any CPU
	EndGlobalSection
	GlobalSection(ProjectConfigurationPlatforms) = postSolution
		{F8360F13-91D5-0B67-352F-703623D38BAD}.Debug|Any CPU.ActiveCfg = Debug|Any CPU
		{F8360F13-91D5-0B67-352F-703623D38BAD}.Debug|Any CPU.Build.0 = Debug|Any CPU
		{F8360F13-91D5-0B67-352F-703623D38BAD}.Release|Any CPU.ActiveCfg = Release|Any CPU
		{F8360F13-91D5-0B67-352F-703623D38BAD}.Release|Any CPU.Build.0 = Release|Any CPU
		{2B3B1585-041B-C8E1-96F5-9351A41113A0}.Debug|Any CPU.ActiveCfg = Debug|Any CPU
		{2B3B1585-041B-C8E1-96F5-9351A41113A0}.Debug|Any CPU.Build.0 = Debug|Any CPU
		{2B3B1585-041B-C8E1-96F5-9351A41113A0}.Release|Any CPU.ActiveCfg = Release|Any CPU
		{2B3B1585-041B-C8E1-96F5-9351A41113A0}.Release|Any CPU.Build.0 = Release|Any CPU
	EndGlobalSection
	GlobalSection(SolutionProperties) = preSolution
		HideSolutionNode = FALSE
	EndGlobalSection
EndGlobal
